
Microsoft Visual Studio Solution File, Format Version 12.00
# Visual Studio Version 17
VisualStudioVersion = 17.0.31903.59
MinimumVisualStudioVersion = 10.0.40219.1
Project("{FAE04EC0-301F-11D3-BF4B-00C04F79EFBC}") = "StationMonitor.Api", "StationMonitor.Api\StationMonitor.Api.csproj", "{C745C96C-35E9-4CE6-A4FE-953C07BD58BA}"
EndProject
Project("{FAE04EC0-301F-11D3-BF4B-00C04F79EFBC}") = "StationMonitor.Data", "StationMonitor.Data\StationMonitor.Data.csproj", "{D72DAE11-9D2F-4677-BD84-C0908AB8BA10}"
EndProject
Project("{FAE04EC0-301F-11D3-BF4B-00C04F79EFBC}") = "StationMonitor.Services", "StationMonitor.Services\StationMonitor.Services.csproj", "{97873D0F-B9E2-4A98-A98B-D7A6FE51EBC0}"
EndProject
Project("{FAE04EC0-301F-11D3-BF4B-00C04F79EFBC}") = "StationMonitor.Workers", "StationMonitor.Workers\StationMonitor.Workers.csproj", "{1718742C-C176-4FA4-B479-37A4F1214181}"
EndProject
Project("{FAE04EC0-301F-11D3-BF4B-00C04F79EFBC}") = "StationMonitor.Analytics", "StationMonitor.Analytics\StationMonitor.Analytics.csproj", "{12C41102-C75A-4781-A56F-2BFDDFC29507}"
EndProject
Global
	GlobalSection(SolutionConfigurationPlatforms) = preSolution
		Debug|Any CPU = Debug|Any CPU
		Release|Any CPU = Release|Any CPU
	EndGlobalSection
	GlobalSection(SolutionProperties) = preSolution
		HideSolutionNode = FALSE
	EndGlobalSection
	GlobalSection(ProjectConfigurationPlatforms) = postSolution
		{C745C96C-35E9-4CE6-A4FE-953C07BD58BA}.Debug|Any CPU.ActiveCfg = Debug|Any CPU
		{C745C96C-35E9-4CE6-A4FE-953C07BD58BA}.Debug|Any CPU.Build.0 = Debug|Any CPU
		{C745C96C-35E9-4CE6-A4FE-953C07BD58BA}.Release|Any CPU.ActiveCfg = Release|Any CPU
		{C745C96C-35E9-4CE6-A4FE-953C07BD58BA}.Release|Any CPU.Build.0 = Release|Any CPU
		{D72DAE11-9D2F-4677-BD84-C0908AB8BA10}.Debug|Any CPU.ActiveCfg = Debug|Any CPU
		{D72DAE11-9D2F-4677-BD84-C0908AB8BA10}.Debug|Any CPU.Build.0 = Debug|Any CPU
		{D72DAE11-9D2F-4677-BD84-C0908AB8BA10}.Release|Any CPU.ActiveCfg = Release|Any CPU
		{D72DAE11-9D2F-4677-BD84-C0908AB8BA10}.Release|Any CPU.Build.0 = Release|Any CPU
		{97873D0F-B9E2-4A98-A98B-D7A6FE51EBC0}.Debug|Any CPU.ActiveCfg = Debug|Any CPU
		{97873D0F-B9E2-4A98-A98B-D7A6FE51EBC0}.Debug|Any CPU.Build.0 = Debug|Any CPU
		{97873D0F-B9E2-4A98-A98B-D7A6FE51EBC0}.Release|Any CPU.ActiveCfg = Release|Any CPU
		{97873D0F-B9E2-4A98-A98B-D7A6FE51EBC0}.Release|Any CPU.Build.0 = Release|Any CPU
		{1718742C-C176-4FA4-B479-37A4F1214181}.Debug|Any CPU.ActiveCfg = Debug|Any CPU
		{1718742C-C176-4FA4-B479-37A4F1214181}.Debug|Any CPU.Build.0 = Debug|Any CPU
		{1718742C-C176-4FA4-B479-37A4F1214181}.Release|Any CPU.ActiveCfg = Release|Any CPU
		{1718742C-C176-4FA4-B479-37A4F1214181}.Release|Any CPU.Build.0 = Release|Any CPU
		{12C41102-C75A-4781-A56F-2BFDDFC29507}.Debug|Any CPU.ActiveCfg = Debug|Any CPU
		{12C41102-C75A-4781-A56F-2BFDDFC29507}.Debug|Any CPU.Build.0 = Debug|Any CPU
		{12C41102-C75A-4781-A56F-2BFDDFC29507}.Release|Any CPU.ActiveCfg = Release|Any CPU
		{12C41102-C75A-4781-A56F-2BFDDFC29507}.Release|Any CPU.Build.0 = Release|Any CPU
	EndGlobalSection
EndGlobal
