
Microsoft Visual Studio Solution File, Format Version 12.00
# Visual Studio 2013
VisualStudioVersion = 12.0.40629.0
MinimumVisualStudioVersion = 10.0.40219.1
Project("{FAE04EC0-301F-11D3-BF4B-00C04F79EFBC}") = "AppsDemo", "AppsDemo\AppsDemo\AppsDemo.csproj", "{9B35245A-16D9-4935-962D-3DE7B6C7FF14}"
	ProjectSection(ProjectDependencies) = postProject
		{F2F4800D-7D60-436F-BF0D-2EE8FA264B73} = {F2F4800D-7D60-436F-BF0D-2EE8FA264B73}
		{B03A6519-5DF4-4FD1-B479-2711B96006E3} = {B03A6519-5DF4-4FD1-B479-2711B96006E3}
		{8EE22321-53E1-44D2-AA91-DA54FA0DA0C5} = {8EE22321-53E1-44D2-AA91-DA54FA0DA0C5}
		{921B4A34-E574-4E39-8006-9071A8E614C8} = {921B4A34-E574-4E39-8006-9071A8E614C8}
		{AEC12557-D332-4943-B857-F0FA3AD1B646} = {AEC12557-D332-4943-B857-F0FA3AD1B646}
		{FEE22565-D284-48C0-85DA-DD78A5245B23} = {FEE22565-D284-48C0-85DA-DD78A5245B23}
		{5F35F392-0A0C-4651-9D17-D05A9A4446B2} = {5F35F392-0A0C-4651-9D17-D05A9A4446B2}
		{0C8C2A9E-7C68-4A00-996B-EE313ACB6D92} = {0C8C2A9E-7C68-4A00-996B-EE313ACB6D92}
		{D7BA75BA-D271-4B82-A78B-A7C79EA73E2C} = {D7BA75BA-D271-4B82-A78B-A7C79EA73E2C}
		{69980EBE-528F-47FE-9896-4DB17691E705} = {69980EBE-528F-47FE-9896-4DB17691E705}
		{A36587C6-6153-496B-ACDE-3B63E419A654} = {A36587C6-6153-496B-ACDE-3B63E419A654}
		{E40277D6-16D8-45B9-9DA8-8E2E8BDF69CA} = {E40277D6-16D8-45B9-9DA8-8E2E8BDF69CA}
	EndProjectSection
EndProject
	ProjectSection(ProjectDependencies) = postProject
		{06B7F0B6-90FD-493B-B8C2-B0429CCFA4B4} = {06B7F0B6-90FD-493B-B8C2-B0429CCFA4B4}
	EndProjectSection
EndProject
Project("{FAE04EC0-301F-11D3-BF4B-00C04F79EFBC}") = "SDKDeviceTree", "AppsDemo\SDKDeviceTree\SDKDeviceTree.csproj", "{FEE22565-D284-48C0-85DA-DD78A5245B23}"
EndProject
Project("{FAE04EC0-301F-11D3-BF4B-00C04F79EFBC}") = "CommonBase", "CommonBase\CommonBase.csproj", "{9A087759-8014-4F91-A8F5-C046C6FD77E4}"
EndProject
Project("{FAE04EC0-301F-11D3-BF4B-00C04F79EFBC}") = "SDKAlarm", "AppsDemo\SDKAlarm\SDKAlarm.csproj", "{A36587C6-6153-496B-ACDE-3B63E419A654}"
EndProject
Project("{FAE04EC0-301F-11D3-BF4B-00C04F79EFBC}") = "SDKThermometry", "AppsDemo\SDKThermometry\SDKThermometry.csproj", "{921B4A34-E574-4E39-8006-9071A8E614C8}"
EndProject
Project("{FAE04EC0-301F-11D3-BF4B-00C04F79EFBC}") = "SDKFaceLib", "AppsDemo\SDKFaceLib\SDKFaceLib.csproj", "{0C8C2A9E-7C68-4A00-996B-EE313ACB6D92}"
EndProject
Project("{FAE04EC0-301F-11D3-BF4B-00C04F79EFBC}") = "SDKANPR", "AppsDemo\SDKANPR\SDKANPR.csproj", "{F2F4800D-7D60-436F-BF0D-2EE8FA264B73}"
EndProject
Project("{FAE04EC0-301F-11D3-BF4B-00C04F79EFBC}") = "SDKPerimeterPrecaution", "AppsDemo\SDKPerimeterPrecaution\SDKPerimeterPrecaution.csproj", "{69980EBE-528F-47FE-9896-4DB17691E705}"
EndProject
Project("{FAE04EC0-301F-11D3-BF4B-00C04F79EFBC}") = "SDKFaceSnap", "AppsDemo\SDKFaceSnap\SDKFaceSnap.csproj", "{B03A6519-5DF4-4FD1-B479-2711B96006E3}"
EndProject
Project("{FAE04EC0-301F-11D3-BF4B-00C04F79EFBC}") = "SDKFaceContrast", "AppsDemo\SDKFaceContrast\SDKFaceContrast.csproj", "{E40277D6-16D8-45B9-9DA8-8E2E8BDF69CA}"
EndProject
Project("{FAE04EC0-301F-11D3-BF4B-00C04F79EFBC}") = "SDKSystemManagement", "AppsDemo\SDKSystemManagement\SDKSystemManagement.csproj", "{AEC12557-D332-4943-B857-F0FA3AD1B646}"
EndProject
Project("{FAE04EC0-301F-11D3-BF4B-00C04F79EFBC}") = "SDKAIOpenPlatform", "AppsDemo\SDKAIOpenPlatform\SDKAIOpenPlatform.csproj", "{8EE22321-53E1-44D2-AA91-DA54FA0DA0C5}"
EndProject
Project("{FAE04EC0-301F-11D3-BF4B-00C04F79EFBC}") = "SDKDebugTool", "AppsDemo\SDKDebugTool\SDKDebugTool.csproj", "{5F35F392-0A0C-4651-9D17-D05A9A4446B2}"
	ProjectSection(ProjectDependencies) = postProject
		{9A087759-8014-4F91-A8F5-C046C6FD77E4} = {9A087759-8014-4F91-A8F5-C046C6FD77E4}
	EndProjectSection
EndProject
Project("{8BC9CEB8-8B4A-11D0-8D11-00A0C91BC942}") = "TINYXMLTRANS", "TINYXMLTRANS\TINYXMLTRANS.vcxproj", "{06B7F0B6-90FD-493B-B8C2-B0429CCFA4B4}"
EndProject
Project("{FAE04EC0-301F-11D3-BF4B-00C04F79EFBC}") = "SDKConfiguration", "AppsDemo\SDKConfiguration\SDKConfiguration.csproj", "{D7BA75BA-D271-4B82-A78B-A7C79EA73E2C}"
EndProject
Global
	GlobalSection(SolutionConfigurationPlatforms) = preSolution
		Debug|Win32 = Debug|Win32
		Debug|x64 = Debug|x64
		Release|Win32 = Release|Win32
		Release|x64 = Release|x64
	EndGlobalSection
	GlobalSection(ProjectConfigurationPlatforms) = postSolution
		{9B35245A-16D9-4935-962D-3DE7B6C7FF14}.Debug|Win32.ActiveCfg = Debug|x86
		{9B35245A-16D9-4935-962D-3DE7B6C7FF14}.Debug|Win32.Build.0 = Debug|x86
		{9B35245A-16D9-4935-962D-3DE7B6C7FF14}.Debug|x64.ActiveCfg = Debug|x64
		{9B35245A-16D9-4935-962D-3DE7B6C7FF14}.Debug|x64.Build.0 = Debug|x64
		{9B35245A-16D9-4935-962D-3DE7B6C7FF14}.Release|Win32.ActiveCfg = Release|x86
		{9B35245A-16D9-4935-962D-3DE7B6C7FF14}.Release|Win32.Build.0 = Release|x86
		{9B35245A-16D9-4935-962D-3DE7B6C7FF14}.Release|x64.ActiveCfg = Release|x64
		{9B35245A-16D9-4935-962D-3DE7B6C7FF14}.Release|x64.Build.0 = Release|x64
		{FEE22565-D284-48C0-85DA-DD78A5245B23}.Debug|Win32.ActiveCfg = Debug|Any CPU
		{FEE22565-D284-48C0-85DA-DD78A5245B23}.Debug|Win32.Build.0 = Debug|Any CPU
		{FEE22565-D284-48C0-85DA-DD78A5245B23}.Debug|x64.ActiveCfg = Debug|Any CPU
		{FEE22565-D284-48C0-85DA-DD78A5245B23}.Debug|x64.Build.0 = Debug|Any CPU
		{FEE22565-D284-48C0-85DA-DD78A5245B23}.Release|Win32.ActiveCfg = Release|Any CPU
		{FEE22565-D284-48C0-85DA-DD78A5245B23}.Release|Win32.Build.0 = Release|Any CPU
		{FEE22565-D284-48C0-85DA-DD78A5245B23}.Release|x64.ActiveCfg = Release|Any CPU
		{FEE22565-D284-48C0-85DA-DD78A5245B23}.Release|x64.Build.0 = Release|Any CPU
		{9A087759-8014-4F91-A8F5-C046C6FD77E4}.Debug|Win32.ActiveCfg = Debug|Any CPU
		{9A087759-8014-4F91-A8F5-C046C6FD77E4}.Debug|Win32.Build.0 = Debug|Any CPU
		{9A087759-8014-4F91-A8F5-C046C6FD77E4}.Debug|x64.ActiveCfg = Debug|Any CPU
		{9A087759-8014-4F91-A8F5-C046C6FD77E4}.Debug|x64.Build.0 = Debug|Any CPU
		{9A087759-8014-4F91-A8F5-C046C6FD77E4}.Release|Win32.ActiveCfg = Release|Any CPU
		{9A087759-8014-4F91-A8F5-C046C6FD77E4}.Release|Win32.Build.0 = Release|Any CPU
		{9A087759-8014-4F91-A8F5-C046C6FD77E4}.Release|x64.ActiveCfg = Release|Any CPU
		{9A087759-8014-4F91-A8F5-C046C6FD77E4}.Release|x64.Build.0 = Release|Any CPU
		{A36587C6-6153-496B-ACDE-3B63E419A654}.Debug|Win32.ActiveCfg = Debug|Any CPU
		{A36587C6-6153-496B-ACDE-3B63E419A654}.Debug|Win32.Build.0 = Debug|Any CPU
		{A36587C6-6153-496B-ACDE-3B63E419A654}.Debug|x64.ActiveCfg = Debug|Any CPU
		{A36587C6-6153-496B-ACDE-3B63E419A654}.Debug|x64.Build.0 = Debug|Any CPU
		{A36587C6-6153-496B-ACDE-3B63E419A654}.Release|Win32.ActiveCfg = Release|Any CPU
		{A36587C6-6153-496B-ACDE-3B63E419A654}.Release|Win32.Build.0 = Release|Any CPU
		{A36587C6-6153-496B-ACDE-3B63E419A654}.Release|x64.ActiveCfg = Release|Any CPU
		{A36587C6-6153-496B-ACDE-3B63E419A654}.Release|x64.Build.0 = Release|Any CPU
		{921B4A34-E574-4E39-8006-9071A8E614C8}.Debug|Win32.ActiveCfg = Debug|Any CPU
		{921B4A34-E574-4E39-8006-9071A8E614C8}.Debug|Win32.Build.0 = Debug|Any CPU
		{921B4A34-E574-4E39-8006-9071A8E614C8}.Debug|x64.ActiveCfg = Debug|Any CPU
		{921B4A34-E574-4E39-8006-9071A8E614C8}.Debug|x64.Build.0 = Debug|Any CPU
		{921B4A34-E574-4E39-8006-9071A8E614C8}.Release|Win32.ActiveCfg = Release|Any CPU
		{921B4A34-E574-4E39-8006-9071A8E614C8}.Release|Win32.Build.0 = Release|Any CPU
		{921B4A34-E574-4E39-8006-9071A8E614C8}.Release|x64.ActiveCfg = Release|Any CPU
		{921B4A34-E574-4E39-8006-9071A8E614C8}.Release|x64.Build.0 = Release|Any CPU
		{0C8C2A9E-7C68-4A00-996B-EE313ACB6D92}.Debug|Win32.ActiveCfg = Debug|Any CPU
		{0C8C2A9E-7C68-4A00-996B-EE313ACB6D92}.Debug|Win32.Build.0 = Debug|Any CPU
		{0C8C2A9E-7C68-4A00-996B-EE313ACB6D92}.Debug|x64.ActiveCfg = Debug|Any CPU
		{0C8C2A9E-7C68-4A00-996B-EE313ACB6D92}.Debug|x64.Build.0 = Debug|Any CPU
		{0C8C2A9E-7C68-4A00-996B-EE313ACB6D92}.Release|Win32.ActiveCfg = Release|Any CPU
		{0C8C2A9E-7C68-4A00-996B-EE313ACB6D92}.Release|Win32.Build.0 = Release|Any CPU
		{0C8C2A9E-7C68-4A00-996B-EE313ACB6D92}.Release|x64.ActiveCfg = Release|Any CPU
		{0C8C2A9E-7C68-4A00-996B-EE313ACB6D92}.Release|x64.Build.0 = Release|Any CPU
		{F2F4800D-7D60-436F-BF0D-2EE8FA264B73}.Debug|Win32.ActiveCfg = Debug|Any CPU
		{F2F4800D-7D60-436F-BF0D-2EE8FA264B73}.Debug|Win32.Build.0 = Debug|Any CPU
		{F2F4800D-7D60-436F-BF0D-2EE8FA264B73}.Debug|x64.ActiveCfg = Debug|Any CPU
		{F2F4800D-7D60-436F-BF0D-2EE8FA264B73}.Debug|x64.Build.0 = Debug|Any CPU
		{F2F4800D-7D60-436F-BF0D-2EE8FA264B73}.Release|Win32.ActiveCfg = Release|Any CPU
		{F2F4800D-7D60-436F-BF0D-2EE8FA264B73}.Release|Win32.Build.0 = Release|Any CPU
		{F2F4800D-7D60-436F-BF0D-2EE8FA264B73}.Release|x64.ActiveCfg = Release|Any CPU
		{F2F4800D-7D60-436F-BF0D-2EE8FA264B73}.Release|x64.Build.0 = Release|Any CPU
		{69980EBE-528F-47FE-9896-4DB17691E705}.Debug|Win32.ActiveCfg = Debug|Any CPU
		{69980EBE-528F-47FE-9896-4DB17691E705}.Debug|Win32.Build.0 = Debug|Any CPU
		{69980EBE-528F-47FE-9896-4DB17691E705}.Debug|x64.ActiveCfg = Debug|Any CPU
		{69980EBE-528F-47FE-9896-4DB17691E705}.Debug|x64.Build.0 = Debug|Any CPU
		{69980EBE-528F-47FE-9896-4DB17691E705}.Release|Win32.ActiveCfg = Release|Any CPU
		{69980EBE-528F-47FE-9896-4DB17691E705}.Release|Win32.Build.0 = Release|Any CPU
		{69980EBE-528F-47FE-9896-4DB17691E705}.Release|x64.ActiveCfg = Release|Any CPU
		{69980EBE-528F-47FE-9896-4DB17691E705}.Release|x64.Build.0 = Release|Any CPU
		{B03A6519-5DF4-4FD1-B479-2711B96006E3}.Debug|Win32.ActiveCfg = Debug|Any CPU
		{B03A6519-5DF4-4FD1-B479-2711B96006E3}.Debug|Win32.Build.0 = Debug|Any CPU
		{B03A6519-5DF4-4FD1-B479-2711B96006E3}.Debug|x64.ActiveCfg = Debug|Any CPU
		{B03A6519-5DF4-4FD1-B479-2711B96006E3}.Debug|x64.Build.0 = Debug|Any CPU
		{B03A6519-5DF4-4FD1-B479-2711B96006E3}.Release|Win32.ActiveCfg = Release|Any CPU
		{B03A6519-5DF4-4FD1-B479-2711B96006E3}.Release|Win32.Build.0 = Release|Any CPU
		{B03A6519-5DF4-4FD1-B479-2711B96006E3}.Release|x64.ActiveCfg = Release|Any CPU
		{B03A6519-5DF4-4FD1-B479-2711B96006E3}.Release|x64.Build.0 = Release|Any CPU
		{E40277D6-16D8-45B9-9DA8-8E2E8BDF69CA}.Debug|Win32.ActiveCfg = Debug|Any CPU
		{E40277D6-16D8-45B9-9DA8-8E2E8BDF69CA}.Debug|Win32.Build.0 = Debug|Any CPU
		{E40277D6-16D8-45B9-9DA8-8E2E8BDF69CA}.Debug|x64.ActiveCfg = Debug|Any CPU
		{E40277D6-16D8-45B9-9DA8-8E2E8BDF69CA}.Debug|x64.Build.0 = Debug|Any CPU
		{E40277D6-16D8-45B9-9DA8-8E2E8BDF69CA}.Release|Win32.ActiveCfg = Release|Any CPU
		{E40277D6-16D8-45B9-9DA8-8E2E8BDF69CA}.Release|Win32.Build.0 = Release|Any CPU
		{E40277D6-16D8-45B9-9DA8-8E2E8BDF69CA}.Release|x64.ActiveCfg = Release|Any CPU
		{E40277D6-16D8-45B9-9DA8-8E2E8BDF69CA}.Release|x64.Build.0 = Release|Any CPU
		{AEC12557-D332-4943-B857-F0FA3AD1B646}.Debug|Win32.ActiveCfg = Debug|Any CPU
		{AEC12557-D332-4943-B857-F0FA3AD1B646}.Debug|Win32.Build.0 = Debug|Any CPU
		{AEC12557-D332-4943-B857-F0FA3AD1B646}.Debug|x64.ActiveCfg = Debug|Any CPU
		{AEC12557-D332-4943-B857-F0FA3AD1B646}.Debug|x64.Build.0 = Debug|Any CPU
		{AEC12557-D332-4943-B857-F0FA3AD1B646}.Release|Win32.ActiveCfg = Release|Any CPU
		{AEC12557-D332-4943-B857-F0FA3AD1B646}.Release|Win32.Build.0 = Release|Any CPU
		{AEC12557-D332-4943-B857-F0FA3AD1B646}.Release|x64.ActiveCfg = Release|Any CPU
		{AEC12557-D332-4943-B857-F0FA3AD1B646}.Release|x64.Build.0 = Release|Any CPU
		{8EE22321-53E1-44D2-AA91-DA54FA0DA0C5}.Debug|Win32.ActiveCfg = Debug|Any CPU
		{8EE22321-53E1-44D2-AA91-DA54FA0DA0C5}.Debug|Win32.Build.0 = Debug|Any CPU
		{8EE22321-53E1-44D2-AA91-DA54FA0DA0C5}.Debug|x64.ActiveCfg = Debug|Any CPU
		{8EE22321-53E1-44D2-AA91-DA54FA0DA0C5}.Debug|x64.Build.0 = Debug|Any CPU
		{8EE22321-53E1-44D2-AA91-DA54FA0DA0C5}.Release|Win32.ActiveCfg = Release|Any CPU
		{8EE22321-53E1-44D2-AA91-DA54FA0DA0C5}.Release|Win32.Build.0 = Release|Any CPU
		{8EE22321-53E1-44D2-AA91-DA54FA0DA0C5}.Release|x64.ActiveCfg = Release|Any CPU
		{8EE22321-53E1-44D2-AA91-DA54FA0DA0C5}.Release|x64.Build.0 = Release|Any CPU
		{5F35F392-0A0C-4651-9D17-D05A9A4446B2}.Debug|Win32.ActiveCfg = Debug|Any CPU
		{5F35F392-0A0C-4651-9D17-D05A9A4446B2}.Debug|Win32.Build.0 = Debug|Any CPU
		{5F35F392-0A0C-4651-9D17-D05A9A4446B2}.Debug|x64.ActiveCfg = Debug|Any CPU
		{5F35F392-0A0C-4651-9D17-D05A9A4446B2}.Debug|x64.Build.0 = Debug|Any CPU
		{5F35F392-0A0C-4651-9D17-D05A9A4446B2}.Release|Win32.ActiveCfg = Release|Any CPU
		{5F35F392-0A0C-4651-9D17-D05A9A4446B2}.Release|Win32.Build.0 = Release|Any CPU
		{5F35F392-0A0C-4651-9D17-D05A9A4446B2}.Release|x64.ActiveCfg = Release|Any CPU
		{5F35F392-0A0C-4651-9D17-D05A9A4446B2}.Release|x64.Build.0 = Release|Any CPU
		{06B7F0B6-90FD-493B-B8C2-B0429CCFA4B4}.Debug|Win32.ActiveCfg = Debug|Win32
		{06B7F0B6-90FD-493B-B8C2-B0429CCFA4B4}.Debug|x64.ActiveCfg = Debug|x64
		{06B7F0B6-90FD-493B-B8C2-B0429CCFA4B4}.Release|Win32.ActiveCfg = Release|Win32
		{06B7F0B6-90FD-493B-B8C2-B0429CCFA4B4}.Release|Win32.Build.0 = Release|Win32
		{06B7F0B6-90FD-493B-B8C2-B0429CCFA4B4}.Release|x64.ActiveCfg = Release|x64
		{06B7F0B6-90FD-493B-B8C2-B0429CCFA4B4}.Release|x64.Build.0 = Release|x64
		{D7BA75BA-D271-4B82-A78B-A7C79EA73E2C}.Debug|Win32.ActiveCfg = Debug|Any CPU
		{D7BA75BA-D271-4B82-A78B-A7C79EA73E2C}.Debug|Win32.Build.0 = Debug|Any CPU
		{D7BA75BA-D271-4B82-A78B-A7C79EA73E2C}.Debug|x64.ActiveCfg = Debug|Any CPU
		{D7BA75BA-D271-4B82-A78B-A7C79EA73E2C}.Release|Win32.ActiveCfg = Release|Any CPU
		{D7BA75BA-D271-4B82-A78B-A7C79EA73E2C}.Release|x64.ActiveCfg = Release|Any CPU
	EndGlobalSection
	GlobalSection(SolutionProperties) = preSolution
		HideSolutionNode = FALSE
	EndGlobalSection
EndGlobal
